
Microsoft Visual Studio Solution File, Format Version 12.00
# Visual Studio Version 17
VisualStudioVersion = 17.9.34728.123
MinimumVisualStudioVersion = 10.0.40219.1
Project("{FAE04EC0-301F-11D3-BF4B-00C04F79EFBC}") = "Test", "TestAPI\Test.csproj", "{94949AA1-C78B-43A3-917B-A1962AAFFF21}"
EndProject
Global
	GlobalSection(SolutionConfigurationPlatforms) = preSolution
		Debug|Any CPU = Debug|Any CPU
		Release|Any CPU = Release|Any CPU
	EndGlobalSection
	GlobalSection(ProjectConfigurationPlatforms) = postSolution
		{94949AA1-C78B-43A3-917B-A1962AAFFF21}.Debug|Any CPU.ActiveCfg = Debug|Any CPU
		{94949AA1-C78B-43A3-917B-A1962AAFFF21}.Debug|Any CPU.Build.0 = Debug|Any CPU
		{94949AA1-C78B-43A3-917B-A1962AAFFF21}.Release|Any CPU.ActiveCfg = Release|Any CPU
		{94949AA1-C78B-43A3-917B-A1962AAFFF21}.Release|Any CPU.Build.0 = Release|Any CPU
	EndGlobalSection
	GlobalSection(SolutionProperties) = preSolution
		HideSolutionNode = FALSE
	EndGlobalSection
	GlobalSection(ExtensibilityGlobals) = postSolution
		SolutionGuid = {90F79132-4E35-4651-8A0D-5433D6D258A0}
	EndGlobalSection
EndGlobal
